
Microsoft Visual Studio Solution File, Format Version 12.00
# Visual Studio 15
Project("{FAE04EC0-301F-11D3-BF4B-00C04F79EFBC}") = "SimpleCalculator", "SimpleCalculator\SimpleCalculator.csproj", "{9B38C3BC-7718-4B9B-A862-5E371346710B}"
EndProject
Global
	GlobalSection(SolutionConfigurationPlatforms) = preSolution
		Debug|Any CPU = Debug|Any CPU
		Release|Any CPU = Release|Any CPU
	EndGlobalSection
	GlobalSection(ProjectConfigurationPlatforms) = postSolution
		{9B38C3BC-7718-4B9B-A862-5E371346710B}.Debug|Any CPU.ActiveCfg = Debug|Any CPU
		{9B38C3BC-7718-4B9B-A862-5E371346710B}.Debug|Any CPU.Build.0 = Debug|Any CPU
		{9B38C3BC-7718-4B9B-A862-5E371346710B}.Release|Any CPU.ActiveCfg = Release|Any CPU
		{9B38C3BC-7718-4B9B-A862-5E371346710B}.Release|Any CPU.Build.0 = Release|Any CPU
	EndGlobalSection
EndGlobal
